# THIS IS AN AUTOGENERATED FILE. DO NOT EDIT THIS FILE DIRECTLY.
# yarn lockfile v1


"@cloudflare/kv-asset-handler@^0.2.0":
  version "0.2.0"
  resolved "https://registry.yarnpkg.com/@cloudflare/kv-asset-handler/-/kv-asset-handler-0.2.0.tgz#c9959bbd7a1c40bd7c674adae98aa8c8d0e5ca68"
  integrity sha512-MVbXLbTcAotOPUj0pAMhVtJ+3/kFkwJqc5qNOleOZTv6QkZZABDMS21dSrSlVswEHwrpWC03e4fWytjqKvuE2A==
  dependencies:
    mime "^3.0.0"

"@esbuild-plugins/node-globals-polyfill@^0.1.1":
  version "0.1.1"
  resolved "https://registry.yarnpkg.com/@esbuild-plugins/node-globals-polyfill/-/node-globals-polyfill-0.1.1.tgz#a313ab3efbb2c17c8ce376aa216c627c9b40f9d7"
  integrity sha512-MR0oAA+mlnJWrt1RQVQ+4VYuRJW/P2YmRTv1AsplObyvuBMnPHiizUF95HHYiSsMGLhyGtWufaq2XQg6+iurBg==

"@esbuild-plugins/node-modules-polyfill@^0.1.4":
  version "0.1.4"
  resolved "https://registry.yarnpkg.com/@esbuild-plugins/node-modules-polyfill/-/node-modules-polyfill-0.1.4.tgz#eb2f55da11967b2986c913f1a7957d1c868849c0"
  integrity sha512-uZbcXi0zbmKC/050p3gJnne5Qdzw8vkXIv+c2BW0Lsc1ji1SkrxbKPUy5Efr0blbTu1SL8w4eyfpnSdPg3G0Qg==
  dependencies:
    escape-string-regexp "^4.0.0"
    rollup-plugin-node-polyfills "^0.2.1"

"@iarna/toml@^2.2.5":
  version "2.2.5"
  resolved "https://registry.yarnpkg.com/@iarna/toml/-/toml-2.2.5.tgz#b32366c89b43c6f8cefbdefac778b9c828e3ba8c"
  integrity sha512-trnsAYxU3xnS1gPHPyU961coFyLkh4gAD/0zQ5mymY4yOZ+CYvsPqUbOFSw0aDM4y0tV7tiFxL/1XfXPNC6IPg==

"@miniflare/cache@2.6.0":
  version "2.6.0"
  resolved "https://registry.yarnpkg.com/@miniflare/cache/-/cache-2.6.0.tgz#d048c88db573c361ce76a41471ce7ffcee5a99a5"
  integrity sha512-4oh8MgpquoxaslI7Z8sMzmEZR0Dc+L3aEh69o9d8ZCs4nUdOENnfKlY50O5nEnL7nhhyAljkMBaXD2wAH2DLeQ==
  dependencies:
    "@miniflare/core" "2.6.0"
    "@miniflare/shared" "2.6.0"
    http-cache-semantics "^4.1.0"
    undici "5.5.1"

"@miniflare/cli-parser@2.6.0":
  version "2.6.0"
  resolved "https://registry.yarnpkg.com/@miniflare/cli-parser/-/cli-parser-2.6.0.tgz#8a628c5f8d9ff63f9e77463064d3b337f62af162"
  integrity sha512-dJDoIPAUqWhzvBHHyqyhobdzDedBYRWZ4yItBi9m4MTU/EneLJ5jryB340SwUnmtBMZxUh/LWdAuUEkKpdVNyA==
  dependencies:
    "@miniflare/shared" "2.6.0"
    kleur "^4.1.4"

"@miniflare/core@2.6.0":
  version "2.6.0"
  resolved "https://registry.yarnpkg.com/@miniflare/core/-/core-2.6.0.tgz#b9d56fab7b1591a93904d30b8b652466d6d3b033"
  integrity sha512-CmofhIRot++GI7NHPMwzNb65+0hWLN186L91BrH/doPVHnT/itmEfzYQpL9bFLD0c/i14dfv+IUNetDdGEBIrw==
  dependencies:
    "@iarna/toml" "^2.2.5"
    "@miniflare/shared" "2.6.0"
    "@miniflare/watcher" "2.6.0"
    busboy "^1.6.0"
    dotenv "^10.0.0"
    kleur "^4.1.4"
    set-cookie-parser "^2.4.8"
    undici "5.5.1"
    urlpattern-polyfill "^4.0.3"

"@miniflare/durable-objects@2.6.0":
  version "2.6.0"
  resolved "https://registry.yarnpkg.com/@miniflare/durable-objects/-/durable-objects-2.6.0.tgz#72e58a118c56e6119597d31e52b8fd59c6ff2121"
  integrity sha512-uzWoGFtkIIh3m3HAzqd5f86nOSC0xFli6dq2q7ilE3UjgouOcLqObxJyE/IzvSwsj4DUWFv6//YDfHihK2fGAA==
  dependencies:
    "@miniflare/core" "2.6.0"
    "@miniflare/shared" "2.6.0"
    "@miniflare/storage-memory" "2.6.0"
    undici "5.5.1"

"@miniflare/html-rewriter@2.6.0":
  version "2.6.0"
  resolved "https://registry.yarnpkg.com/@miniflare/html-rewriter/-/html-rewriter-2.6.0.tgz#027039e53f0911ea12b6617c52354136effbc23c"
  integrity sha512-+JqFlIDLzstb/Spj+j/kI6uHzolrqjsMks3Tf24Q4YFo9YYdZguqUFcDz2yr79ZTP/SKXaZH+AYqosnJps4dHQ==
  dependencies:
    "@miniflare/core" "2.6.0"
    "@miniflare/shared" "2.6.0"
    html-rewriter-wasm "^0.4.1"
    undici "5.5.1"

"@miniflare/http-server@2.6.0":
  version "2.6.0"
  resolved "https://registry.yarnpkg.com/@miniflare/http-server/-/http-server-2.6.0.tgz#07b48f5f0abd6e73ec55da95735519a7999f890e"
  integrity sha512-FhcAVIpipMEzMCsJBc/b0JhNEJ66GPX60vA2NcqjGKHYbwoPCPlwCFQq2giPzW/R95ugrEjPfo4/5Q4UbnpoGA==
  dependencies:
    "@miniflare/core" "2.6.0"
    "@miniflare/shared" "2.6.0"
    "@miniflare/web-sockets" "2.6.0"
    kleur "^4.1.4"
    selfsigned "^2.0.0"
    undici "5.5.1"
    ws "^8.2.2"
    youch "^2.2.2"

"@miniflare/kv@2.6.0":
  version "2.6.0"
  resolved "https://registry.yarnpkg.com/@miniflare/kv/-/kv-2.6.0.tgz#e20404784a2eec5593996afcedf47d5e30db3285"
  integrity sha512-7Q+Q0Wwinsz85qpKLlBeXSCLweiVowpMJ5AmQpmELnTya59HQ24cOUHxPd64hXFhdYXVIxOmk6lQaZ21JhdHGQ==
  dependencies:
    "@miniflare/shared" "2.6.0"

"@miniflare/r2@2.6.0":
  version "2.6.0"
  resolved "https://registry.yarnpkg.com/@miniflare/r2/-/r2-2.6.0.tgz#e7325278ed07c3dc66ff9451e90503d019fc0fe2"
  integrity sha512-Ymbqu17ajtuk9b11txF2h1Ewqqlu3XCCpAwAgCQa6AK1yRidQECCPq9w9oXZxE1p5aaSuLTOUbgSdtveFCsLxQ==
  dependencies:
    "@miniflare/shared" "2.6.0"
    undici "5.5.1"

"@miniflare/runner-vm@2.6.0":
  version "2.6.0"
  resolved "https://registry.yarnpkg.com/@miniflare/runner-vm/-/runner-vm-2.6.0.tgz#a44c9aa4785925698cd213e4ed4a52928ef7a4be"
  integrity sha512-ZxsiVMMUcjb01LwrO2t50YbU5PT5s3k7DrmR5185R/n04K5BikqZz8eQf8lKlQQYem0BROqmmQgurZGw0a2HUw==
  dependencies:
    "@miniflare/shared" "2.6.0"

"@miniflare/scheduler@2.6.0":
  version "2.6.0"
  resolved "https://registry.yarnpkg.com/@miniflare/scheduler/-/scheduler-2.6.0.tgz#2911f50b7005dc98eec1d3030367f8475f12469d"
  integrity sha512-BM+RDF+8twkTCOb7Oz0NIs5phzAVJ/Gx7tFZR23fGsZjWRnE3TBeqfzaNutU9pcoWDZtBQqEJMeTeb0KZTo75Q==
  dependencies:
    "@miniflare/core" "2.6.0"
    "@miniflare/shared" "2.6.0"
    cron-schedule "^3.0.4"

"@miniflare/shared@2.6.0":
  version "2.6.0"
  resolved "https://registry.yarnpkg.com/@miniflare/shared/-/shared-2.6.0.tgz#2f0b135b25e87b137eb904c916f68305334a502c"
  integrity sha512-/7k4C37GF0INu99LNFmFhHYL6U9/oRY/nWDa5sr6+lPEKKm2rkmfvDIA+YNAj7Ql61ZWMgEMj0S3NhV0rWkj7Q==
  dependencies:
    ignore "^5.1.8"
    kleur "^4.1.4"

"@miniflare/sites@2.6.0":
  version "2.6.0"
  resolved "https://registry.yarnpkg.com/@miniflare/sites/-/sites-2.6.0.tgz#3bb45e78a9e9a6e2bce6a14b7a07ab345ed580da"
  integrity sha512-XfWhpREC638LOGNmuHaPn1MAz1sh2mz+VdMsjRCzUo6NwPl4IcUhnorJR62Xr0qmI/RqVMTZbvzrChXio4Bi4A==
  dependencies:
    "@miniflare/kv" "2.6.0"
    "@miniflare/shared" "2.6.0"
    "@miniflare/storage-file" "2.6.0"

"@miniflare/storage-file@2.6.0":
  version "2.6.0"
  resolved "https://registry.yarnpkg.com/@miniflare/storage-file/-/storage-file-2.6.0.tgz#3e435f8ce89bdceaf8012085ae518329b29bcb24"
  integrity sha512-xprDVJClQ2X1vXVPM16WQZz3rS+6fNuCYC8bfEFHABDByQoUNDpk8q+m1IpTaFXYivYxRhE+xr7eK2QQP068tA==
  dependencies:
    "@miniflare/shared" "2.6.0"
    "@miniflare/storage-memory" "2.6.0"

"@miniflare/storage-memory@2.6.0":
  version "2.6.0"
  resolved "https://registry.yarnpkg.com/@miniflare/storage-memory/-/storage-memory-2.6.0.tgz#c9bf16719d4eb0dbe6dd6ea344a4d106b3fc384b"
  integrity sha512-0EwELTG2r6IC4AMlQv0YXRZdw9g/lCydceuGKeFkWAVb55pY+yMBxkJO9VV7QOrEx8MLsR8tsfl5SBK3AkfLtA==
  dependencies:
    "@miniflare/shared" "2.6.0"

"@miniflare/watcher@2.6.0":
  version "2.6.0"
  resolved "https://registry.yarnpkg.com/@miniflare/watcher/-/watcher-2.6.0.tgz#afa60800f14b7232355e0bde98952951d03e3a9d"
  integrity sha512-mttfhNDmEIFo2rWF73JeWj1TLN+3cQC1TFhbtLApz9bXilLywArXMYqDJGA8PUnJCFM/8k2FDjaFNiPy6ggIJw==
  dependencies:
    "@miniflare/shared" "2.6.0"

"@miniflare/web-sockets@2.6.0":
  version "2.6.0"
  resolved "https://registry.yarnpkg.com/@miniflare/web-sockets/-/web-sockets-2.6.0.tgz#44c8bf58854ed45c05435119edd45311643ad3fa"
  integrity sha512-ePbcuP9LrStVTllZzqx2oNVoOpceyU3jJF3nGDMNW5+bqB+BdeTggSF8rhER7omcSCswCMY2Do6VelIcAXHkXA==
  dependencies:
    "@miniflare/core" "2.6.0"
    "@miniflare/shared" "2.6.0"
    undici "5.5.1"
    ws "^8.2.2"

"@types/stack-trace@0.0.29":
  version "0.0.29"
  resolved "https://registry.yarnpkg.com/@types/stack-trace/-/stack-trace-0.0.29.tgz#eb7a7c60098edb35630ed900742a5ecb20cfcb4d"
  integrity sha512-TgfOX+mGY/NyNxJLIbDWrO9DjGoVSW9+aB8H2yy1fy32jsvxijhmyJI9fDFgvz3YP4lvJaq9DzdR/M1bOgVc9g==

blake3-wasm@^2.1.5:
  version "2.1.5"
  resolved "https://registry.yarnpkg.com/blake3-wasm/-/blake3-wasm-2.1.5.tgz#b22dbb84bc9419ed0159caa76af4b1b132e6ba52"
  integrity sha512-F1+K8EbfOZE49dtoPtmxUQrpXaBIl3ICvasLh+nJta0xkz+9kF/7uet9fLnwKqhDrmj6g+6K3Tw9yQPUg2ka5g==

buffer-from@^1.0.0:
  version "1.1.2"
  resolved "https://registry.yarnpkg.com/buffer-from/-/buffer-from-1.1.2.tgz#2b146a6fd72e80b4f55d255f35ed59a3a9a41bd5"
  integrity sha512-E+XQCRwSbaaiChtv6k6Dwgc+bx+Bs6vuKJHHl5kox/BaKbhiXzqQOwK4cO22yElGp2OCmjwVhT3HmxgyPGnJfQ==

busboy@^1.6.0:
  version "1.6.0"
  resolved "https://registry.yarnpkg.com/busboy/-/busboy-1.6.0.tgz#966ea36a9502e43cdb9146962523b92f531f6893"
  integrity sha512-8SFQbg/0hQ9xy3UNTB0YEnsNBbWfhf7RtnzpL7TkBiTBRfrQ9Fxcnz7VJsleJpyp6rVLvXiuORqjlHi5q+PYuA==
  dependencies:
    streamsearch "^1.1.0"

cookie@^0.4.1:
  version "0.4.2"
  resolved "https://registry.yarnpkg.com/cookie/-/cookie-0.4.2.tgz#0e41f24de5ecf317947c82fc789e06a884824432"
  integrity sha512-aSWTXFzaKWkvHO1Ny/s+ePFpvKsPnjc551iI41v3ny/ow6tBG5Vd+FuqGNhh1LxOmVzOlGUriIlOaokOvhaStA==

cron-schedule@^3.0.4:
  version "3.0.6"
  resolved "https://registry.yarnpkg.com/cron-schedule/-/cron-schedule-3.0.6.tgz#7d0a3ad9154112fc3720fe43238a43d50e8465e7"
  integrity sha512-izfGgKyzzIyLaeb1EtZ3KbglkS6AKp9cv7LxmiyoOu+fXfol1tQDC0Cof0enVZGNtudTHW+3lfuW9ZkLQss4Wg==

dotenv@^10.0.0:
  version "10.0.0"
  resolved "https://registry.yarnpkg.com/dotenv/-/dotenv-10.0.0.tgz#3d4227b8fb95f81096cdd2b66653fb2c7085ba81"
  integrity sha512-rlBi9d8jpv9Sf1klPjNfFAuWDjKLwTIJJ/VxtoTwIR6hnZxcEOQCZg2oIL3MWBYw5GpUDKOEnND7LXTbIpQ03Q==

esbuild-android-64@0.14.47:
  version "0.14.47"
  resolved "https://registry.yarnpkg.com/esbuild-android-64/-/esbuild-android-64-0.14.47.tgz#ef95b42c67bcf4268c869153fa3ad1466c4cea6b"
  integrity sha512-R13Bd9+tqLVFndncMHssZrPWe6/0Kpv2/dt4aA69soX4PRxlzsVpCvoJeFE8sOEoeVEiBkI0myjlkDodXlHa0g==

esbuild-android-arm64@0.14.47:
  version "0.14.47"
  resolved "https://registry.yarnpkg.com/esbuild-android-arm64/-/esbuild-android-arm64-0.14.47.tgz#4ebd7ce9fb250b4695faa3ee46fd3b0754ecd9e6"
  integrity sha512-OkwOjj7ts4lBp/TL6hdd8HftIzOy/pdtbrNA4+0oVWgGG64HrdVzAF5gxtJufAPOsEjkyh1oIYvKAUinKKQRSQ==

esbuild-darwin-64@0.14.47:
  version "0.14.47"
  resolved "https://registry.yarnpkg.com/esbuild-darwin-64/-/esbuild-darwin-64-0.14.47.tgz#e0da6c244f497192f951807f003f6a423ed23188"
  integrity sha512-R6oaW0y5/u6Eccti/TS6c/2c1xYTb1izwK3gajJwi4vIfNs1s8B1dQzI1UiC9T61YovOQVuePDcfqHLT3mUZJA==

esbuild-darwin-arm64@0.14.47:
  version "0.14.47"
  resolved "https://registry.yarnpkg.com/esbuild-darwin-arm64/-/esbuild-darwin-arm64-0.14.47.tgz#cd40fd49a672fca581ed202834239dfe540a9028"
  integrity sha512-seCmearlQyvdvM/noz1L9+qblC5vcBrhUaOoLEDDoLInF/VQ9IkobGiLlyTPYP5dW1YD4LXhtBgOyevoIHGGnw==

esbuild-freebsd-64@0.14.47:
  version "0.14.47"
  resolved "https://registry.yarnpkg.com/esbuild-freebsd-64/-/esbuild-freebsd-64-0.14.47.tgz#8da6a14c095b29c01fc8087a16cb7906debc2d67"
  integrity sha512-ZH8K2Q8/Ux5kXXvQMDsJcxvkIwut69KVrYQhza/ptkW50DC089bCVrJZZ3sKzIoOx+YPTrmsZvqeZERjyYrlvQ==

esbuild-freebsd-arm64@0.14.47:
  version "0.14.47"
  resolved "https://registry.yarnpkg.com/esbuild-freebsd-arm64/-/esbuild-freebsd-arm64-0.14.47.tgz#ad31f9c92817ff8f33fd253af7ab5122dc1b83f6"
  integrity sha512-ZJMQAJQsIOhn3XTm7MPQfCzEu5b9STNC+s90zMWe2afy9EwnHV7Ov7ohEMv2lyWlc2pjqLW8QJnz2r0KZmeAEQ==

esbuild-linux-32@0.14.47:
  version "0.14.47"
  resolved "https://registry.yarnpkg.com/esbuild-linux-32/-/esbuild-linux-32-0.14.47.tgz#de085e4db2e692ea30c71208ccc23fdcf5196c58"
  integrity sha512-FxZOCKoEDPRYvq300lsWCTv1kcHgiiZfNrPtEhFAiqD7QZaXrad8LxyJ8fXGcWzIFzRiYZVtB3ttvITBvAFhKw==

esbuild-linux-64@0.14.47:
  version "0.14.47"
  resolved "https://registry.yarnpkg.com/esbuild-linux-64/-/esbuild-linux-64-0.14.47.tgz#2a9321bbccb01f01b04cebfcfccbabeba3658ba1"
  integrity sha512-nFNOk9vWVfvWYF9YNYksZptgQAdstnDCMtR6m42l5Wfugbzu11VpMCY9XrD4yFxvPo9zmzcoUL/88y0lfJZJJw==

esbuild-linux-arm64@0.14.47:
  version "0.14.47"
  resolved "https://registry.yarnpkg.com/esbuild-linux-arm64/-/esbuild-linux-arm64-0.14.47.tgz#b9da7b6fc4b0ca7a13363a0c5b7bb927e4bc535a"
  integrity sha512-ywfme6HVrhWcevzmsufjd4iT3PxTfCX9HOdxA7Hd+/ZM23Y9nXeb+vG6AyA6jgq/JovkcqRHcL9XwRNpWG6XRw==

esbuild-linux-arm@0.14.47:
  version "0.14.47"
  resolved "https://registry.yarnpkg.com/esbuild-linux-arm/-/esbuild-linux-arm-0.14.47.tgz#56fec2a09b9561c337059d4af53625142aded853"
  integrity sha512-ZGE1Bqg/gPRXrBpgpvH81tQHpiaGxa8c9Rx/XOylkIl2ypLuOcawXEAo8ls+5DFCcRGt/o3sV+PzpAFZobOsmA==

esbuild-linux-mips64le@0.14.47:
  version "0.14.47"
  resolved "https://registry.yarnpkg.com/esbuild-linux-mips64le/-/esbuild-linux-mips64le-0.14.47.tgz#9db21561f8f22ed79ef2aedb7bbef082b46cf823"
  integrity sha512-mg3D8YndZ1LvUiEdDYR3OsmeyAew4MA/dvaEJxvyygahWmpv1SlEEnhEZlhPokjsUMfRagzsEF/d/2XF+kTQGg==

esbuild-linux-ppc64le@0.14.47:
  version "0.14.47"
  resolved "https://registry.yarnpkg.com/esbuild-linux-ppc64le/-/esbuild-linux-ppc64le-0.14.47.tgz#dc3a3da321222b11e96e50efafec9d2de408198b"
  integrity sha512-WER+f3+szmnZiWoK6AsrTKGoJoErG2LlauSmk73LEZFQ/iWC+KhhDsOkn1xBUpzXWsxN9THmQFltLoaFEH8F8w==

esbuild-linux-riscv64@0.14.47:
  version "0.14.47"
  resolved "https://registry.yarnpkg.com/esbuild-linux-riscv64/-/esbuild-linux-riscv64-0.14.47.tgz#9bd6dcd3dca6c0357084ecd06e1d2d4bf105335f"
  integrity sha512-1fI6bP3A3rvI9BsaaXbMoaOjLE3lVkJtLxsgLHqlBhLlBVY7UqffWBvkrX/9zfPhhVMd9ZRFiaqXnB1T7BsL2g==

esbuild-linux-s390x@0.14.47:
  version "0.14.47"
  resolved "https://registry.yarnpkg.com/esbuild-linux-s390x/-/esbuild-linux-s390x-0.14.47.tgz#a458af939b52f2cd32fc561410d441a51f69d41f"
  integrity sha512-eZrWzy0xFAhki1CWRGnhsHVz7IlSKX6yT2tj2Eg8lhAwlRE5E96Hsb0M1mPSE1dHGpt1QVwwVivXIAacF/G6mw==

esbuild-netbsd-64@0.14.47:
  version "0.14.47"
  resolved "https://registry.yarnpkg.com/esbuild-netbsd-64/-/esbuild-netbsd-64-0.14.47.tgz#6388e785d7e7e4420cb01348d7483ab511b16aa8"
  integrity sha512-Qjdjr+KQQVH5Q2Q1r6HBYswFTToPpss3gqCiSw2Fpq/ua8+eXSQyAMG+UvULPqXceOwpnPo4smyZyHdlkcPppQ==

esbuild-openbsd-64@0.14.47:
  version "0.14.47"
  resolved "https://registry.yarnpkg.com/esbuild-openbsd-64/-/esbuild-openbsd-64-0.14.47.tgz#309af806db561aa886c445344d1aacab850dbdc5"
  integrity sha512-QpgN8ofL7B9z8g5zZqJE+eFvD1LehRlxr25PBkjyyasakm4599iroUpaj96rdqRlO2ShuyqwJdr+oNqWwTUmQw==

esbuild-sunos-64@0.14.47:
  version "0.14.47"
  resolved "https://registry.yarnpkg.com/esbuild-sunos-64/-/esbuild-sunos-64-0.14.47.tgz#3f19612dcdb89ba6c65283a7ff6e16f8afbf8aaa"
  integrity sha512-uOeSgLUwukLioAJOiGYm3kNl+1wJjgJA8R671GYgcPgCx7QR73zfvYqXFFcIO93/nBdIbt5hd8RItqbbf3HtAQ==

esbuild-windows-32@0.14.47:
  version "0.14.47"
  resolved "https://registry.yarnpkg.com/esbuild-windows-32/-/esbuild-windows-32-0.14.47.tgz#a92d279c8458d5dc319abcfeb30aa49e8f2e6f7f"
  integrity sha512-H0fWsLTp2WBfKLBgwYT4OTfFly4Im/8B5f3ojDv1Kx//kiubVY0IQunP2Koc/fr/0wI7hj3IiBDbSrmKlrNgLQ==

esbuild-windows-64@0.14.47:
  version "0.14.47"
  resolved "https://registry.yarnpkg.com/esbuild-windows-64/-/esbuild-windows-64-0.14.47.tgz#2564c3fcf0c23d701edb71af8c52d3be4cec5f8a"
  integrity sha512-/Pk5jIEH34T68r8PweKRi77W49KwanZ8X6lr3vDAtOlH5EumPE4pBHqkCUdELanvsT14yMXLQ/C/8XPi1pAtkQ==

esbuild-windows-arm64@0.14.47:
  version "0.14.47"
  resolved "https://registry.yarnpkg.com/esbuild-windows-arm64/-/esbuild-windows-arm64-0.14.47.tgz#86d9db1a22d83360f726ac5fba41c2f625db6878"
  integrity sha512-HFSW2lnp62fl86/qPQlqw6asIwCnEsEoNIL1h2uVMgakddf+vUuMcCbtUY1i8sst7KkgHrVKCJQB33YhhOweCQ==

esbuild@0.14.47:
  version "0.14.47"
  resolved "https://registry.yarnpkg.com/esbuild/-/esbuild-0.14.47.tgz#0d6415f6bd8eb9e73a58f7f9ae04c5276cda0e4d"
  integrity sha512-wI4ZiIfFxpkuxB8ju4MHrGwGLyp1+awEHAHVpx6w7a+1pmYIq8T9FGEVVwFo0iFierDoMj++Xq69GXWYn2EiwA==
  optionalDependencies:
    esbuild-android-64 "0.14.47"
    esbuild-android-arm64 "0.14.47"
    esbuild-darwin-64 "0.14.47"
    esbuild-darwin-arm64 "0.14.47"
    esbuild-freebsd-64 "0.14.47"
    esbuild-freebsd-arm64 "0.14.47"
    esbuild-linux-32 "0.14.47"
    esbuild-linux-64 "0.14.47"
    esbuild-linux-arm "0.14.47"
    esbuild-linux-arm64 "0.14.47"
    esbuild-linux-mips64le "0.14.47"
    esbuild-linux-ppc64le "0.14.47"
    esbuild-linux-riscv64 "0.14.47"
    esbuild-linux-s390x "0.14.47"
    esbuild-netbsd-64 "0.14.47"
    esbuild-openbsd-64 "0.14.47"
    esbuild-sunos-64 "0.14.47"
    esbuild-windows-32 "0.14.47"
    esbuild-windows-64 "0.14.47"
    esbuild-windows-arm64 "0.14.47"

escape-string-regexp@^4.0.0:
  version "4.0.0"
  resolved "https://registry.yarnpkg.com/escape-string-regexp/-/escape-string-regexp-4.0.0.tgz#14ba83a5d373e3d311e5afca29cf5bfad965bf34"
  integrity sha512-TtpcNJ3XAzx3Gq8sWRzJaVajRs0uVxA2YAkdb1jm2YkPz4G6egUFAyA3n5vtEIZefPk5Wa4UXbKuS5fKkJWdgA==

estree-walker@^0.6.1:
  version "0.6.1"
  resolved "https://registry.yarnpkg.com/estree-walker/-/estree-walker-0.6.1.tgz#53049143f40c6eb918b23671d1fe3219f3a1b362"
  integrity sha512-SqmZANLWS0mnatqbSfRP5g8OXZC12Fgg1IwNtLsyHDzJizORW4khDfjPqJZsemPWBB2uqykUah5YpQ6epsqC/w==

fsevents@~2.3.2:
  version "2.3.2"
  resolved "https://registry.yarnpkg.com/fsevents/-/fsevents-2.3.2.tgz#8a526f78b8fdf4623b709e0b975c52c24c02fd1a"
  integrity sha512-xiqMQR4xAeHTuB9uWm+fFRcIOgKBMiOBP+eXiyT7jsgVCq1bkVygt00oASowB7EdtpOHaaPgKt812P9ab+DDKA==

html-rewriter-wasm@^0.4.1:
  version "0.4.1"
  resolved "https://registry.yarnpkg.com/html-rewriter-wasm/-/html-rewriter-wasm-0.4.1.tgz#235e3d96c1aa4bfd2182661ee13881e290ff5ff2"
  integrity sha512-lNovG8CMCCmcVB1Q7xggMSf7tqPCijZXaH4gL6iE8BFghdQCbaY5Met9i1x2Ex8m/cZHDUtXK9H6/znKamRP8Q==

http-cache-semantics@^4.1.0:
  version "4.1.0"
  resolved "https://registry.yarnpkg.com/http-cache-semantics/-/http-cache-semantics-4.1.0.tgz#49e91c5cbf36c9b94bcfcd71c23d5249ec74e390"
  integrity sha512-carPklcUh7ROWRK7Cv27RPtdhYhUsela/ue5/jKzjegVvXDqM2ILE9Q2BGn9JZJh1g87cp56su/FgQSzcWS8cQ==

ignore@^5.1.8:
  version "5.2.0"
  resolved "https://registry.yarnpkg.com/ignore/-/ignore-5.2.0.tgz#6d3bac8fa7fe0d45d9f9be7bac2fc279577e345a"
  integrity sha512-CmxgYGiEPCLhfLnpPp1MoRmifwEIOgjcHXxOBjv7mY96c+eWScsOP9c112ZyLdWHi0FxHjI+4uVhKYp/gcdRmQ==

kleur@^4.1.4:
  version "4.1.5"
  resolved "https://registry.yarnpkg.com/kleur/-/kleur-4.1.5.tgz#95106101795f7050c6c650f350c683febddb1780"
  integrity sha512-o+NO+8WrRiQEE4/7nwRJhN1HWpVmJm511pBHUxPLtp0BUISzlBplORYSmTclCnJvQq2tKu/sgl3xVpkc7ZWuQQ==

magic-string@^0.25.3:
  version "0.25.9"
  resolved "https://registry.yarnpkg.com/magic-string/-/magic-string-0.25.9.tgz#de7f9faf91ef8a1c91d02c2e5314c8277dbcdd1c"
  integrity sha512-RmF0AsMzgt25qzqqLc1+MbHmhdx0ojF2Fvs4XnOqz2ZOBXzzkEwc/dJQZCYHAn7v1jbVOjAZfK8msRn4BxO4VQ==
  dependencies:
    sourcemap-codec "^1.4.8"

mime@^3.0.0:
  version "3.0.0"
  resolved "https://registry.yarnpkg.com/mime/-/mime-3.0.0.tgz#b374550dca3a0c18443b0c950a6a58f1931cf7a7"
  integrity sha512-jSCU7/VB1loIWBZe14aEYHU/+1UMEHoaO7qxCOVJOw9GgH72VAWppxNcjU+x9a2k3GSIBXNKxXQFqRvvZ7vr3A==

miniflare@^2.6.0:
  version "2.6.0"
  resolved "https://registry.yarnpkg.com/miniflare/-/miniflare-2.6.0.tgz#f179ecf09d625ad19fff455b1b7ae6824b557cd9"
  integrity sha512-KDAQZV2aDZ044X1ihlCIa6DPdq1w3fUJFW4xZ+r+DPUxj9t1AuehjR9Fc6zCmZQrk12gLXDSZSyNft1ozm1X7Q==
  dependencies:
    "@miniflare/cache" "2.6.0"
    "@miniflare/cli-parser" "2.6.0"
    "@miniflare/core" "2.6.0"
    "@miniflare/durable-objects" "2.6.0"
    "@miniflare/html-rewriter" "2.6.0"
    "@miniflare/http-server" "2.6.0"
    "@miniflare/kv" "2.6.0"
    "@miniflare/r2" "2.6.0"
    "@miniflare/runner-vm" "2.6.0"
    "@miniflare/scheduler" "2.6.0"
    "@miniflare/shared" "2.6.0"
    "@miniflare/sites" "2.6.0"
    "@miniflare/storage-file" "2.6.0"
    "@miniflare/storage-memory" "2.6.0"
    "@miniflare/web-sockets" "2.6.0"
    kleur "^4.1.4"
    semiver "^1.1.0"
    source-map-support "^0.5.20"
    undici "5.5.1"

mustache@^4.2.0:
  version "4.2.0"
  resolved "https://registry.yarnpkg.com/mustache/-/mustache-4.2.0.tgz#e5892324d60a12ec9c2a73359edca52972bf6f64"
  integrity sha512-71ippSywq5Yb7/tVYyGbkBggbU8H3u5Rz56fH60jGFgr8uHwxs+aSKeqmluIVzM0m0kB7xQjKS6qPfd0b2ZoqQ==

nanoid@^3.3.3:
  version "3.3.4"
  resolved "https://registry.yarnpkg.com/nanoid/-/nanoid-3.3.4.tgz#730b67e3cd09e2deacf03c027c81c9d9dbc5e8ab"
  integrity sha512-MqBkQh/OHTS2egovRtLk45wEyNXwF+cokD+1YPf9u5VfJiRdAiRwB2froX5Co9Rh20xs4siNPm8naNotSD6RBw==

node-forge@^1:
  version "1.3.1"
  resolved "https://registry.yarnpkg.com/node-forge/-/node-forge-1.3.1.tgz#be8da2af243b2417d5f646a770663a92b7e9ded3"
  integrity sha512-dPEtOeMvF9VMcYV/1Wb8CPoVAXtp6MKMlcbAt4ddqmGqUJ6fQZFXkNZNkNlfevtNkGtaSoXf/vNNNSvgrdXwtA==

path-to-regexp@^6.2.0:
  version "6.2.1"
  resolved "https://registry.yarnpkg.com/path-to-regexp/-/path-to-regexp-6.2.1.tgz#d54934d6798eb9e5ef14e7af7962c945906918e5"
  integrity sha512-JLyh7xT1kizaEvcaXOQwOc2/Yhw6KZOvPf1S8401UyLk86CU79LN3vl7ztXGm/pZ+YjoyAJ4rxmHwbkBXJX+yw==

prettier@^2.6.1:
  version "2.7.1"
  resolved "https://registry.yarnpkg.com/prettier/-/prettier-2.7.1.tgz#e235806850d057f97bb08368a4f7d899f7760c64"
  integrity sha512-ujppO+MkdPqoVINuDFDRLClm7D78qbDt0/NR+wp5FqEZOoTNAjPHWj17QRhu7geIHJfcNhRk1XVQmF8Bp3ye+g==

rollup-plugin-inject@^3.0.0:
  version "3.0.2"
  resolved "https://registry.yarnpkg.com/rollup-plugin-inject/-/rollup-plugin-inject-3.0.2.tgz#e4233855bfba6c0c12a312fd6649dff9a13ee9f4"
  integrity sha512-ptg9PQwzs3orn4jkgXJ74bfs5vYz1NCZlSQMBUA0wKcGp5i5pA1AO3fOUEte8enhGUC+iapTCzEWw2jEFFUO/w==
  dependencies:
    estree-walker "^0.6.1"
    magic-string "^0.25.3"
    rollup-pluginutils "^2.8.1"

rollup-plugin-node-polyfills@^0.2.1:
  version "0.2.1"
  resolved "https://registry.yarnpkg.com/rollup-plugin-node-polyfills/-/rollup-plugin-node-polyfills-0.2.1.tgz#53092a2744837164d5b8a28812ba5f3ff61109fd"
  integrity sha512-4kCrKPTJ6sK4/gLL/U5QzVT8cxJcofO0OU74tnB19F40cmuAKSzH5/siithxlofFEjwvw1YAhPmbvGNA6jEroA==
  dependencies:
    rollup-plugin-inject "^3.0.0"

rollup-pluginutils@^2.8.1:
  version "2.8.2"
  resolved "https://registry.yarnpkg.com/rollup-pluginutils/-/rollup-pluginutils-2.8.2.tgz#72f2af0748b592364dbd3389e600e5a9444a351e"
  integrity sha512-EEp9NhnUkwY8aif6bxgovPHMoMoNr2FulJziTndpt5H9RdwC47GSGuII9XxpSdzVGM0GWrNPHV6ie1LTNJPaLQ==
  dependencies:
    estree-walker "^0.6.1"

selfsigned@^2.0.0, selfsigned@^2.0.1:
  version "2.0.1"
  resolved "https://registry.yarnpkg.com/selfsigned/-/selfsigned-2.0.1.tgz#8b2df7fa56bf014d19b6007655fff209c0ef0a56"
  integrity sha512-LmME957M1zOsUhG+67rAjKfiWFox3SBxE/yymatMZsAx+oMrJ0YQ8AToOnyCm7xbeg2ep37IHLxdu0o2MavQOQ==
  dependencies:
    node-forge "^1"

semiver@^1.1.0:
  version "1.1.0"
  resolved "https://registry.yarnpkg.com/semiver/-/semiver-1.1.0.tgz#9c97fb02c21c7ce4fcf1b73e2c7a24324bdddd5f"
  integrity sha512-QNI2ChmuioGC1/xjyYwyZYADILWyW6AmS1UH6gDj/SFUUUS4MBAWs/7mxnkRPc/F4iHezDP+O8t0dO8WHiEOdg==

set-cookie-parser@^2.4.8:
  version "2.5.0"
  resolved "https://registry.yarnpkg.com/set-cookie-parser/-/set-cookie-parser-2.5.0.tgz#96b59525e1362c94335c3c761100bb6e8f2da4b0"
  integrity sha512-cHMAtSXilfyBePduZEBVPTCftTQWz6ehWJD5YNUg4mqvRosrrjKbo4WS8JkB0/RxonMoohHm7cOGH60mDkRQ9w==

source-map-support@^0.5.20:
  version "0.5.21"
  resolved "https://registry.yarnpkg.com/source-map-support/-/source-map-support-0.5.21.tgz#04fe7c7f9e1ed2d662233c28cb2b35b9f63f6e4f"
  integrity sha512-uBHU3L3czsIyYXKX88fdrGovxdSCoTGDRZ6SYXtSRxLZUzHg5P/66Ht6uoUlHu9EZod+inXhKo3qQgwXUT/y1w==
  dependencies:
    buffer-from "^1.0.0"
    source-map "^0.6.0"

source-map@^0.6.0:
  version "0.6.1"
  resolved "https://registry.yarnpkg.com/source-map/-/source-map-0.6.1.tgz#74722af32e9614e9c287a8d0bbde48b5e2f1a263"
  integrity sha512-UjgapumWlbMhkBgzT7Ykc5YXUT46F0iKu8SGXq0bcwP5dz/h0Plj6enJqjz1Zbq2l5WaqYnrVbwWOWMyF3F47g==

sourcemap-codec@^1.4.8:
  version "1.4.8"
  resolved "https://registry.yarnpkg.com/sourcemap-codec/-/sourcemap-codec-1.4.8.tgz#ea804bd94857402e6992d05a38ef1ae35a9ab4c4"
  integrity sha512-9NykojV5Uih4lgo5So5dtw+f0JgJX30KCNI8gwhz2J9A15wD0Ml6tjHKwf6fTSa6fAdVBdZeNOs9eJ71qCk8vA==

stack-trace@0.0.10:
  version "0.0.10"
  resolved "https://registry.yarnpkg.com/stack-trace/-/stack-trace-0.0.10.tgz#547c70b347e8d32b4e108ea1a2a159e5fdde19c0"
  integrity sha512-KGzahc7puUKkzyMt+IqAep+TVNbKP+k2Lmwhub39m1AsTSkaDutx56aDCo+HLDzf/D26BIHTJWNiTG1KAJiQCg==

streamsearch@^1.1.0:
  version "1.1.0"
  resolved "https://registry.yarnpkg.com/streamsearch/-/streamsearch-1.1.0.tgz#404dd1e2247ca94af554e841a8ef0eaa238da764"
  integrity sha512-Mcc5wHehp9aXz1ax6bZUyY5afg9u2rv5cqQI3mRrYkGC8rW2hM02jWuwjtL++LS5qinSyhj2QfLyNsuc+VsExg==

undici@5.5.1:
  version "5.5.1"
  resolved "https://registry.yarnpkg.com/undici/-/undici-5.5.1.tgz#baaf25844a99eaa0b22e1ef8d205bffe587c8f43"
  integrity sha512-MEvryPLf18HvlCbLSzCW0U00IMftKGI5udnjrQbC5D4P0Hodwffhv+iGfWuJwg16Y/TK11ZFK8i+BPVW2z/eAw==

urlpattern-polyfill@^4.0.3:
  version "4.0.3"
  resolved "https://registry.yarnpkg.com/urlpattern-polyfill/-/urlpattern-polyfill-4.0.3.tgz#c1fa7a73eb4e6c6a1ffb41b24cf31974f7392d3b"
  integrity sha512-DOE84vZT2fEcl9gqCUTcnAw5ZY5Id55ikUcziSUntuEFL3pRvavg5kwDmTEUJkeCHInTlV/HexFomgYnzO5kdQ==

wrangler@^2.0.17:
  version "2.0.17"
  resolved "https://registry.yarnpkg.com/wrangler/-/wrangler-2.0.17.tgz#e063023f18303ecb8844918b83955d5842b94fd1"
  integrity sha512-U4PSx1j0JUPX/fDvQSqeCVZeAww+DLZkm1tWeFovOxgzpvpvZ/2s+2IINR+dhw4FGiSpDUsQgiA4EDm64fV4RA==
  dependencies:
    "@cloudflare/kv-asset-handler" "^0.2.0"
    "@esbuild-plugins/node-globals-polyfill" "^0.1.1"
    "@esbuild-plugins/node-modules-polyfill" "^0.1.4"
    blake3-wasm "^2.1.5"
    esbuild "0.14.47"
    miniflare "^2.6.0"
    nanoid "^3.3.3"
    path-to-regexp "^6.2.0"
    selfsigned "^2.0.1"
    semiver "^1.1.0"
    xxhash-wasm "^1.0.1"
  optionalDependencies:
    fsevents "~2.3.2"

ws@^8.2.2:
  version "8.8.0"
  resolved "https://registry.yarnpkg.com/ws/-/ws-8.8.0.tgz#8e71c75e2f6348dbf8d78005107297056cb77769"
  integrity sha512-JDAgSYQ1ksuwqfChJusw1LSJ8BizJ2e/vVu5Lxjq3YvNJNlROv1ui4i+c/kUUrPheBvQl4c5UbERhTwKa6QBJQ==

xxhash-wasm@^1.0.1:
  version "1.0.1"
  resolved "https://registry.yarnpkg.com/xxhash-wasm/-/xxhash-wasm-1.0.1.tgz#8a0f0eeb3ab76c16bbb889f5acca286b62d98626"
  integrity sha512-Lc9CTvDrH2vRoiaUzz25q7lRaviMhz90pkx6YxR9EPYtF99yOJnv2cB+CQ0hp/TLoqrUsk8z/W2EN31T568Azw==

youch@^2.2.2:
  version "2.2.2"
  resolved "https://registry.yarnpkg.com/youch/-/youch-2.2.2.tgz#cb87a359a5c524ebd35eb07ca3a1521dbc7e1a3e"
  integrity sha512-/FaCeG3GkuJwaMR34GHVg0l8jCbafZLHiFowSjqLlqhC6OMyf2tPJBu8UirF7/NI9X/R5ai4QfEKUCOxMAGxZQ==
  dependencies:
    "@types/stack-trace" "0.0.29"
    cookie "^0.4.1"
    mustache "^4.2.0"
    stack-trace "0.0.10"
